// !$*UTF8*$!
{
	archiveVersion = 1;
	classes = {
	};
	objectVersion = 53;
	objects = {

/* Begin PBXBuildFile section */
		85D2B50E1AE9861200F88DC6 /* Classes.swift in Sources */ = {isa = PBXBuildFile; fileRef = 85D2B50D1AE9861200F88DC6 /* Classes.swift */; };
		B00C56801B13AE1500156453 /* usa-specs.png in Resources */ = {isa = PBXBuildFile; fileRef = B00C567F1B13AE1500156453 /* usa-specs.png */; };
		B00C56821B13C53600156453 /* Menu.swift in Sources */ = {isa = PBXBuildFile; fileRef = B00C56811B13C53600156453 /* Menu.swift */; };
		B00C56841B14000800156453 /* MODERNA.TTF in Resources */ = {isa = PBXBuildFile; fileRef = B00C56831B14000800156453 /* MODERNA.TTF */; };
		B0708F2B1B0A92C100FAC25E /* france-specs.png in Resources */ = {isa = PBXBuildFile; fileRef = B0708F261B0A92C000FAC25E /* france-specs.png */; };
		B0708F2C1B0A92C100FAC25E /* uk-specs.png in Resources */ = {isa = PBXBuildFile; fileRef = B0708F271B0A92C100FAC25E /* uk-specs.png */; };
		B0708F2D1B0A92C100FAC25E /* australia-specs.png in Resources */ = {isa = PBXBuildFile; fileRef = B0708F281B0A92C100FAC25E /* australia-specs.png */; };
		B0708F2E1B0A92C100FAC25E /* china-specs.png in Resources */ = {isa = PBXBuildFile; fileRef = B0708F291B0A92C100FAC25E /* china-specs.png */; };
		B0708F2F1B0A92C100FAC25E /* brazil-specs.png in Resources */ = {isa = PBXBuildFile; fileRef = B0708F2A1B0A92C100FAC25E /* brazil-specs.png */; };
		B07316231AEEDED60087A615 /* Game.swift in Sources */ = {isa = PBXBuildFile; fileRef = B07316221AEEDED60087A615 /* Game.swift */; };
		B0824D7B1AE6DD610035A8EB /* AppDelegate.swift in Sources */ = {isa = PBXBuildFile; fileRef = B0824D7A1AE6DD610035A8EB /* AppDelegate.swift */; };
		B0824D7D1AE6DD610035A8EB /* ThemeSelection.swift in Sources */ = {isa = PBXBuildFile; fileRef = B0824D7C1AE6DD610035A8EB /* ThemeSelection.swift */; };
		B0824D801AE6DD610035A8EB /* Main.storyboard in Resources */ = {isa = PBXBuildFile; fileRef = B0824D7E1AE6DD610035A8EB /* Main.storyboard */; };
		B0824D821AE6DD610035A8EB /* Images.xcassets in Resources */ = {isa = PBXBuildFile; fileRef = B0824D811AE6DD610035A8EB /* Images.xcassets */; };
		B0824D851AE6DD610035A8EB /* LaunchScreen.xib in Resources */ = {isa = PBXBuildFile; fileRef = B0824D831AE6DD610035A8EB /* LaunchScreen.xib */; };
		B0824D911AE6DD620035A8EB /* MapIQTests.swift in Sources */ = {isa = PBXBuildFile; fileRef = B0824D901AE6DD620035A8EB /* MapIQTests.swift */; };
		B0C8EA641B14B4BD001D85A5 /* southafrica-specs.png in Resources */ = {isa = PBXBuildFile; fileRef = B0C8EA631B14B4BD001D85A5 /* southafrica-specs.png */; };
		B0E4F5111B011856007D6424 /* locales.plist in Resources */ = {isa = PBXBuildFile; fileRef = B0E4F5101B011856007D6424 /* locales.plist */; };
		B0E4F5151B018089007D6424 /* WinLose.swift in Sources */ = {isa = PBXBuildFile; fileRef = B0E4F5141B018089007D6424 /* WinLose.swift */; };
		DECEBC311B1A131400C00C89 /* Store.swift in Sources */ = {isa = PBXBuildFile; fileRef = DECEBC301B1A131400C00C89 /* Store.swift */; };
		DEFF22D71B2E25AA00084A97 /* FacebookSDK.framework in Frameworks */ = {isa = PBXBuildFile; fileRef = DEFF22D61B2E25AA00084A97 /* FacebookSDK.framework */; };
/* End PBXBuildFile section */

/* Begin PBXContainerItemProxy section */
		B0824D8B1AE6DD620035A8EB /* PBXContainerItemProxy */ = {
			isa = PBXContainerItemProxy;
			containerPortal = B0824D6D1AE6DD610035A8EB /* Project object */;
			proxyType = 1;
			remoteGlobalIDString = B0824D741AE6DD610035A8EB;
			remoteInfo = MapIQ;
		};
/* End PBXContainerItemProxy section */

/* Begin PBXFileReference section */
		85D2B50D1AE9861200F88DC6 /* Classes.swift */ = {isa = PBXFileReference; fileEncoding = 4; lastKnownFileType = sourcecode.swift; path = Classes.swift; sourceTree = "<group>"; };
		B00C567F1B13AE1500156453 /* usa-specs.png */ = {isa = PBXFileReference; lastKnownFileType = image.png; path = "usa-specs.png"; sourceTree = "<group>"; };
		B00C56811B13C53600156453 /* Menu.swift */ = {isa = PBXFileReference; fileEncoding = 4; lastKnownFileType = sourcecode.swift; path = Menu.swift; sourceTree = "<group>"; };
		B00C56831B14000800156453 /* MODERNA.TTF */ = {isa = PBXFileReference; lastKnownFileType = file; path = MODERNA.TTF; sourceTree = "<group>"; };
		B0708F261B0A92C000FAC25E /* france-specs.png */ = {isa = PBXFileReference; lastKnownFileType = image.png; path = "france-specs.png"; sourceTree = "<group>"; };
		B0708F271B0A92C100FAC25E /* uk-specs.png */ = {isa = PBXFileReference; lastKnownFileType = image.png; path = "uk-specs.png"; sourceTree = "<group>"; };
		B0708F281B0A92C100FAC25E /* australia-specs.png */ = {isa = PBXFileReference; lastKnownFileType = image.png; path = "australia-specs.png"; sourceTree = "<group>"; };
		B0708F291B0A92C100FAC25E /* china-specs.png */ = {isa = PBXFileReference; lastKnownFileType = image.png; path = "china-specs.png"; sourceTree = "<group>"; };
		B0708F2A1B0A92C100FAC25E /* brazil-specs.png */ = {isa = PBXFileReference; lastKnownFileType = image.png; path = "brazil-specs.png"; sourceTree = "<group>"; };
		B07316221AEEDED60087A615 /* Game.swift */ = {isa = PBXFileReference; fileEncoding = 4; lastKnownFileType = sourcecode.swift; path = Game.swift; sourceTree = "<group>"; };
		B0824D751AE6DD610035A8EB /* MapIQ.app */ = {isa = PBXFileReference; explicitFileType = wrapper.application; includeInIndex = 0; path = MapIQ.app; sourceTree = BUILT_PRODUCTS_DIR; };
		B0824D791AE6DD610035A8EB /* Info.plist */ = {isa = PBXFileReference; lastKnownFileType = text.plist.xml; path = Info.plist; sourceTree = "<group>"; };
		B0824D7A1AE6DD610035A8EB /* AppDelegate.swift */ = {isa = PBXFileReference; lastKnownFileType = sourcecode.swift; path = AppDelegate.swift; sourceTree = "<group>"; };
		B0824D7C1AE6DD610035A8EB /* ThemeSelection.swift */ = {isa = PBXFileReference; lastKnownFileType = sourcecode.swift; path = ThemeSelection.swift; sourceTree = "<group>"; };
		B0824D7F1AE6DD610035A8EB /* Base */ = {isa = PBXFileReference; lastKnownFileType = file.storyboard; name = Base; path = Base.lproj/Main.storyboard; sourceTree = "<group>"; };
		B0824D811AE6DD610035A8EB /* Images.xcassets */ = {isa = PBXFileReference; lastKnownFileType = folder.assetcatalog; path = Images.xcassets; sourceTree = "<group>"; };
		B0824D841AE6DD610035A8EB /* Base */ = {isa = PBXFileReference; lastKnownFileType = file.xib; name = Base; path = Base.lproj/LaunchScreen.xib; sourceTree = "<group>"; };
		B0824D8A1AE6DD620035A8EB /* MapIQTests.xctest */ = {isa = PBXFileReference; explicitFileType = wrapper.cfbundle; includeInIndex = 0; path = MapIQTests.xctest; sourceTree = BUILT_PRODUCTS_DIR; };
		B0824D8F1AE6DD620035A8EB /* Info.plist */ = {isa = PBXFileReference; lastKnownFileType = text.plist.xml; path = Info.plist; sourceTree = "<group>"; };
		B0824D901AE6DD620035A8EB /* MapIQTests.swift */ = {isa = PBXFileReference; lastKnownFileType = sourcecode.swift; path = MapIQTests.swift; sourceTree = "<group>"; };
		B0C8EA631B14B4BD001D85A5 /* southafrica-specs.png */ = {isa = PBXFileReference; lastKnownFileType = image.png; path = "southafrica-specs.png"; sourceTree = "<group>"; };
		B0E4F5101B011856007D6424 /* locales.plist */ = {isa = PBXFileReference; fileEncoding = 4; lastKnownFileType = text.plist.xml; path = locales.plist; sourceTree = "<group>"; };
		B0E4F5141B018089007D6424 /* WinLose.swift */ = {isa = PBXFileReference; fileEncoding = 4; lastKnownFileType = sourcecode.swift; path = WinLose.swift; sourceTree = "<group>"; };
		DECEBC301B1A131400C00C89 /* Store.swift */ = {isa = PBXFileReference; fileEncoding = 4; lastKnownFileType = sourcecode.swift; path = Store.swift; sourceTree = "<group>"; };
		DEFF22D61B2E25AA00084A97 /* FacebookSDK.framework */ = {isa = PBXFileReference; lastKnownFileType = wrapper.framework; path = FacebookSDK.framework; sourceTree = "<group>"; };
		DEFF22D81B2E25E200084A97 /* Bridging-Header.h */ = {isa = PBXFileReference; lastKnownFileType = sourcecode.c.h; path = "Bridging-Header.h"; sourceTree = "<group>"; };
/* End PBXFileReference section */

/* Begin PBXFrameworksBuildPhase section */
		B0824D721AE6DD610035A8EB /* Frameworks */ = {
			isa = PBXFrameworksBuildPhase;
			buildActionMask = 2147483647;
			files = (
				DEFF22D71B2E25AA00084A97 /* FacebookSDK.framework in Frameworks */,
			);
			runOnlyForDeploymentPostprocessing = 0;
		};
		B0824D871AE6DD620035A8EB /* Frameworks */ = {
			isa = PBXFrameworksBuildPhase;
			buildActionMask = 2147483647;
			files = (
			);
			runOnlyForDeploymentPostprocessing = 0;
		};
/* End PBXFrameworksBuildPhase section */

/* Begin PBXGroup section */
		B0824D6C1AE6DD610035A8EB = {
			isa = PBXGroup;
			children = (
				B0824D771AE6DD610035A8EB /* MapIQ */,
				B0824D8D1AE6DD620035A8EB /* MapIQTests */,
				B0824D761AE6DD610035A8EB /* Products */,
			);
			sourceTree = "<group>";
		};
		B0824D761AE6DD610035A8EB /* Products */ = {
			isa = PBXGroup;
			children = (
				B0824D751AE6DD610035A8EB /* MapIQ.app */,
				B0824D8A1AE6DD620035A8EB /* MapIQTests.xctest */,
			);
			name = Products;
			sourceTree = "<group>";
		};
		B0824D771AE6DD610035A8EB /* MapIQ */ = {
			isa = PBXGroup;
			children = (
				DEFF22D61B2E25AA00084A97 /* FacebookSDK.framework */,
				B0824D7A1AE6DD610035A8EB /* AppDelegate.swift */,
				B0824D7C1AE6DD610035A8EB /* ThemeSelection.swift */,
				DECEBC301B1A131400C00C89 /* Store.swift */,
				85D2B50D1AE9861200F88DC6 /* Classes.swift */,
				B00C56811B13C53600156453 /* Menu.swift */,
				B07316221AEEDED60087A615 /* Game.swift */,
				B0E4F5141B018089007D6424 /* WinLose.swift */,
				DEFF22D81B2E25E200084A97 /* Bridging-Header.h */,
				B0E4F5101B011856007D6424 /* locales.plist */,
				B0824D7E1AE6DD610035A8EB /* Main.storyboard */,
				B0708F261B0A92C000FAC25E /* france-specs.png */,
				B0708F271B0A92C100FAC25E /* uk-specs.png */,
				B0708F281B0A92C100FAC25E /* australia-specs.png */,
				B0708F291B0A92C100FAC25E /* china-specs.png */,
				B0708F2A1B0A92C100FAC25E /* brazil-specs.png */,
				B00C56831B14000800156453 /* MODERNA.TTF */,
				B00C567F1B13AE1500156453 /* usa-specs.png */,
				B0C8EA631B14B4BD001D85A5 /* southafrica-specs.png */,
				B0824D811AE6DD610035A8EB /* Images.xcassets */,
				B0824D831AE6DD610035A8EB /* LaunchScreen.xib */,
				B0824D781AE6DD610035A8EB /* Supporting Files */,
			);
			path = MapIQ;
			sourceTree = "<group>";
		};
		B0824D781AE6DD610035A8EB /* Supporting Files */ = {
			isa = PBXGroup;
			children = (
				B0824D791AE6DD610035A8EB /* Info.plist */,
			);
			name = "Supporting Files";
			sourceTree = "<group>";
		};
		B0824D8D1AE6DD620035A8EB /* MapIQTests */ = {
			isa = PBXGroup;
			children = (
				B0824D901AE6DD620035A8EB /* MapIQTests.swift */,
				B0824D8E1AE6DD620035A8EB /* Supporting Files */,
			);
			path = MapIQTests;
			sourceTree = "<group>";
		};
		B0824D8E1AE6DD620035A8EB /* Supporting Files */ = {
			isa = PBXGroup;
			children = (
				B0824D8F1AE6DD620035A8EB /* Info.plist */,
			);
			name = "Supporting Files";
			sourceTree = "<group>";
		};
/* End PBXGroup section */

/* Begin PBXNativeTarget section */
		B0824D741AE6DD610035A8EB /* MapIQ */ = {
			isa = PBXNativeTarget;
			buildConfigurationList = B0824D941AE6DD620035A8EB /* Build configuration list for PBXNativeTarget "MapIQ" */;
			buildPhases = (
				B0824D711AE6DD610035A8EB /* Sources */,
				B0824D721AE6DD610035A8EB /* Frameworks */,
				B0824D731AE6DD610035A8EB /* Resources */,
			);
			buildRules = (
			);
			dependencies = (
			);
			name = MapIQ;
			productName = MapIQ;
			productReference = B0824D751AE6DD610035A8EB /* MapIQ.app */;
			productType = "com.apple.product-type.application";
		};
		B0824D891AE6DD620035A8EB /* MapIQTests */ = {
			isa = PBXNativeTarget;
			buildConfigurationList = B0824D971AE6DD620035A8EB /* Build configuration list for PBXNativeTarget "MapIQTests" */;
			buildPhases = (
				B0824D861AE6DD620035A8EB /* Sources */,
				B0824D871AE6DD620035A8EB /* Frameworks */,
				B0824D881AE6DD620035A8EB /* Resources */,
			);
			buildRules = (
			);
			dependencies = (
				B0824D8C1AE6DD620035A8EB /* PBXTargetDependency */,
			);
			name = MapIQTests;
			productName = MapIQTests;
			productReference = B0824D8A1AE6DD620035A8EB /* MapIQTests.xctest */;
			productType = "com.apple.product-type.bundle.unit-test";
		};
/* End PBXNativeTarget section */

/* Begin PBXProject section */
		B0824D6D1AE6DD610035A8EB /* Project object */ = {
			isa = PBXProject;
			attributes = {
				BuildIndependentTargetsInParallel = YES;
				LastUpgradeCheck = 1430;
				ORGANIZATIONNAME = giovannibf;
				TargetAttributes = {
					B0824D741AE6DD610035A8EB = {
						CreatedOnToolsVersion = 6.3;
					};
					B0824D891AE6DD620035A8EB = {
						CreatedOnToolsVersion = 6.3;
						TestTargetID = B0824D741AE6DD610035A8EB;
					};
				};
			};
			buildConfigurationList = B0824D701AE6DD610035A8EB /* Build configuration list for PBXProject "MapIQ" */;
			compatibilityVersion = "Xcode 3.2";
			developmentRegion = en;
			hasScannedForEncodings = 0;
			knownRegions = (
				en,
				Base,
			);
			mainGroup = B0824D6C1AE6DD610035A8EB;
			productRefGroup = B0824D761AE6DD610035A8EB /* Products */;
			projectDirPath = "";
			projectRoot = "";
			targets = (
				B0824D741AE6DD610035A8EB /* MapIQ */,
				B0824D891AE6DD620035A8EB /* MapIQTests */,
			);
		};
/* End PBXProject section */

/* Begin PBXResourcesBuildPhase section */
		B0824D731AE6DD610035A8EB /* Resources */ = {
			isa = PBXResourcesBuildPhase;
			buildActionMask = 2147483647;
			files = (
				B0824D801AE6DD610035A8EB /* Main.storyboard in Resources */,
				B00C56841B14000800156453 /* MODERNA.TTF in Resources */,
				B0708F2B1B0A92C100FAC25E /* france-specs.png in Resources */,
				B0C8EA641B14B4BD001D85A5 /* southafrica-specs.png in Resources */,
				B0708F2F1B0A92C100FAC25E /* brazil-specs.png in Resources */,
				B0824D851AE6DD610035A8EB /* LaunchScreen.xib in Resources */,
				B0824D821AE6DD610035A8EB /* Images.xcassets in Resources */,
				B0708F2C1B0A92C100FAC25E /* uk-specs.png in Resources */,
				B0708F2E1B0A92C100FAC25E /* china-specs.png in Resources */,
				B0E4F5111B011856007D6424 /* locales.plist in Resources */,
				B0708F2D1B0A92C100FAC25E /* australia-specs.png in Resources */,
				B00C56801B13AE1500156453 /* usa-specs.png in Resources */,
			);
			runOnlyForDeploymentPostprocessing = 0;
		};
		B0824D881AE6DD620035A8EB /* Resources */ = {
			isa = PBXResourcesBuildPhase;
			buildActionMask = 2147483647;
			files = (
			);
			runOnlyForDeploymentPostprocessing = 0;
		};
/* End PBXResourcesBuildPhase section */

/* Begin PBXSourcesBuildPhase section */
		B0824D711AE6DD610035A8EB /* Sources */ = {
			isa = PBXSourcesBuildPhase;
			buildActionMask = 2147483647;
			files = (
				DECEBC311B1A131400C00C89 /* Store.swift in Sources */,
				B00C56821B13C53600156453 /* Menu.swift in Sources */,
				B0E4F5151B018089007D6424 /* WinLose.swift in Sources */,
				85D2B50E1AE9861200F88DC6 /* Classes.swift in Sources */,
				B07316231AEEDED60087A615 /* Game.swift in Sources */,
				B0824D7D1AE6DD610035A8EB /* ThemeSelection.swift in Sources */,
				B0824D7B1AE6DD610035A8EB /* AppDelegate.swift in Sources */,
			);
			runOnlyForDeploymentPostprocessing = 0;
		};
		B0824D861AE6DD620035A8EB /* Sources */ = {
			isa = PBXSourcesBuildPhase;
			buildActionMask = 2147483647;
			files = (
				B0824D911AE6DD620035A8EB /* MapIQTests.swift in Sources */,
			);
			runOnlyForDeploymentPostprocessing = 0;
		};
/* End PBXSourcesBuildPhase section */

/* Begin PBXTargetDependency section */
		B0824D8C1AE6DD620035A8EB /* PBXTargetDependency */ = {
			isa = PBXTargetDependency;
			target = B0824D741AE6DD610035A8EB /* MapIQ */;
			targetProxy = B0824D8B1AE6DD620035A8EB /* PBXContainerItemProxy */;
		};
/* End PBXTargetDependency section */

/* Begin PBXVariantGroup section */
		B0824D7E1AE6DD610035A8EB /* Main.storyboard */ = {
			isa = PBXVariantGroup;
			children = (
				B0824D7F1AE6DD610035A8EB /* Base */,
			);
			name = Main.storyboard;
			sourceTree = "<group>";
		};
		B0824D831AE6DD610035A8EB /* LaunchScreen.xib */ = {
			isa = PBXVariantGroup;
			children = (
				B0824D841AE6DD610035A8EB /* Base */,
			);
			name = LaunchScreen.xib;
			sourceTree = "<group>";
		};
/* End PBXVariantGroup section */

/* Begin XCBuildConfiguration section */
		B0824D921AE6DD620035A8EB /* Debug */ = {
			isa = XCBuildConfiguration;
			buildSettings = {
				ALWAYS_SEARCH_USER_PATHS = NO;
				CLANG_ANALYZER_LOCALIZABILITY_NONLOCALIZED = YES;
				CLANG_CXX_LANGUAGE_STANDARD = "gnu++0x";
				CLANG_CXX_LIBRARY = "libc++";
				CLANG_ENABLE_MODULES = YES;
				CLANG_ENABLE_OBJC_ARC = YES;
				CLANG_WARN_BLOCK_CAPTURE_AUTORELEASING = YES;
				CLANG_WARN_BOOL_CONVERSION = YES;
				CLANG_WARN_COMMA = YES;
				CLANG_WARN_CONSTANT_CONVERSION = YES;
				CLANG_WARN_DEPRECATED_OBJC_IMPLEMENTATIONS = YES;
				CLANG_WARN_DIRECT_OBJC_ISA_USAGE = YES_ERROR;
				CLANG_WARN_EMPTY_BODY = YES;
				CLANG_WARN_ENUM_CONVERSION = YES;
				CLANG_WARN_INFINITE_RECURSION = YES;
				CLANG_WARN_INT_CONVERSION = YES;
				CLANG_WARN_NON_LITERAL_NULL_CONVERSION = YES;
				CLANG_WARN_OBJC_IMPLICIT_RETAIN_SELF = YES;
				CLANG_WARN_OBJC_LITERAL_CONVERSION = YES;
				CLANG_WARN_OBJC_ROOT_CLASS = YES_ERROR;
				CLANG_WARN_QUOTED_INCLUDE_IN_FRAMEWORK_HEADER = YES;
				CLANG_WARN_RANGE_LOOP_ANALYSIS = YES;
				CLANG_WARN_STRICT_PROTOTYPES = YES;
				CLANG_WARN_SUSPICIOUS_MOVE = YES;
				CLANG_WARN_UNREACHABLE_CODE = YES;
				CLANG_WARN__DUPLICATE_METHOD_MATCH = YES;
				"CODE_SIGN_IDENTITY[sdk=iphoneos*]" = "iPhone Developer";
				COPY_PHASE_STRIP = NO;
				DEBUG_INFORMATION_FORMAT = "dwarf-with-dsym";
				ENABLE_STRICT_OBJC_MSGSEND = YES;
				ENABLE_TESTABILITY = YES;
				GCC_C_LANGUAGE_STANDARD = gnu99;
				GCC_DYNAMIC_NO_PIC = NO;
				GCC_NO_COMMON_BLOCKS = YES;
				GCC_OPTIMIZATION_LEVEL = 0;
				GCC_PREPROCESSOR_DEFINITIONS = (
					"DEBUG=1",
					"$(inherited)",
				);
				GCC_SYMBOLS_PRIVATE_EXTERN = NO;
				GCC_WARN_64_TO_32_BIT_CONVERSION = YES;
				GCC_WARN_ABOUT_RETURN_TYPE = YES_ERROR;
				GCC_WARN_UNDECLARED_SELECTOR = YES;
				GCC_WARN_UNINITIALIZED_AUTOS = YES_AGGRESSIVE;
				GCC_WARN_UNUSED_FUNCTION = YES;
				GCC_WARN_UNUSED_VARIABLE = YES;
				IPHONEOS_DEPLOYMENT_TARGET = 12.0;
				MTL_ENABLE_DEBUG_INFO = YES;
				ONLY_ACTIVE_ARCH = YES;
				SDKROOT = iphoneos;
				SWIFT_OPTIMIZATION_LEVEL = "-Onone";
				SWIFT_VERSION = 5.0;
			};
			name = Debug;
		};
		B0824D931AE6DD620035A8EB /* Release */ = {
			isa = XCBuildConfiguration;
			buildSettings = {
				ALWAYS_SEARCH_USER_PATHS = NO;
				CLANG_ANALYZER_LOCALIZABILITY_NONLOCALIZED = YES;
				CLANG_CXX_LANGUAGE_STANDARD = "gnu++0x";
				CLANG_CXX_LIBRARY = "libc++";
				CLANG_ENABLE_MODULES = YES;
				CLANG_ENABLE_OBJC_ARC = YES;
				CLANG_WARN_BLOCK_CAPTURE_AUTORELEASING = YES;
				CLANG_WARN_BOOL_CONVERSION = YES;
				CLANG_WARN_COMMA = YES;
				CLANG_WARN_CONSTANT_CONVERSION = YES;
				CLANG_WARN_DEPRECATED_OBJC_IMPLEMENTATIONS = YES;
				CLANG_WARN_DIRECT_OBJC_ISA_USAGE = YES_ERROR;
				CLANG_WARN_EMPTY_BODY = YES;
				CLANG_WARN_ENUM_CONVERSION = YES;
				CLANG_WARN_INFINITE_RECURSION = YES;
				CLANG_WARN_INT_CONVERSION = YES;
				CLANG_WARN_NON_LITERAL_NULL_CONVERSION = YES;
				CLANG_WARN_OBJC_IMPLICIT_RETAIN_SELF = YES;
				CLANG_WARN_OBJC_LITERAL_CONVERSION = YES;
				CLANG_WARN_OBJC_ROOT_CLASS = YES_ERROR;
				CLANG_WARN_QUOTED_INCLUDE_IN_FRAMEWORK_HEADER = YES;
				CLANG_WARN_RANGE_LOOP_ANALYSIS = YES;
				CLANG_WARN_STRICT_PROTOTYPES = YES;
				CLANG_WARN_SUSPICIOUS_MOVE = YES;
				CLANG_WARN_UNREACHABLE_CODE = YES;
				CLANG_WARN__DUPLICATE_METHOD_MATCH = YES;
				"CODE_SIGN_IDENTITY[sdk=iphoneos*]" = "iPhone Developer";
				COPY_PHASE_STRIP = NO;
				DEBUG_INFORMATION_FORMAT = "dwarf-with-dsym";
				ENABLE_NS_ASSERTIONS = NO;
				ENABLE_STRICT_OBJC_MSGSEND = YES;
				GCC_C_LANGUAGE_STANDARD = gnu99;
				GCC_NO_COMMON_BLOCKS = YES;
				GCC_WARN_64_TO_32_BIT_CONVERSION = YES;
				GCC_WARN_ABOUT_RETURN_TYPE = YES_ERROR;
				GCC_WARN_UNDECLARED_SELECTOR = YES;
				GCC_WARN_UNINITIALIZED_AUTOS = YES_AGGRESSIVE;
				GCC_WARN_UNUSED_FUNCTION = YES;
				GCC_WARN_UNUSED_VARIABLE = YES;
				IPHONEOS_DEPLOYMENT_TARGET = 12.0;
				MTL_ENABLE_DEBUG_INFO = NO;
				SDKROOT = iphoneos;
				SWIFT_COMPILATION_MODE = wholemodule;
				SWIFT_VERSION = 5.0;
				VALIDATE_PRODUCT = YES;
			};
			name = Release;
		};
		B0824D951AE6DD620035A8EB /* Debug */ = {
			isa = XCBuildConfiguration;
			buildSettings = {
				ASSETCATALOG_COMPILER_APPICON_NAME = AppIcon;
				CLANG_ENABLE_MODULES = YES;
				DEVELOPMENT_TEAM = 59AU9LDZKY;
				FRAMEWORK_SEARCH_PATHS = "$(PROJECT_DIR)/MapIQ";
				INFOPLIST_FILE = MapIQ/Info.plist;
				INFOPLIST_KEY_CFBundleDisplayName = "Map IQ";
				IPHONEOS_DEPLOYMENT_TARGET = 13.0;
				LD_RUNPATH_SEARCH_PATHS = (
					"$(inherited)",
					"@executable_path/Frameworks",
				);
				OTHER_LDFLAGS = "";
				PRODUCT_BUNDLE_IDENTIFIER = com.giovannibf.mapquiz;
				PRODUCT_NAME = "$(TARGET_NAME)";
				SWIFT_OBJC_BRIDGING_HEADER = "MapIQ/Bridging-Header.h";
				SWIFT_OPTIMIZATION_LEVEL = "-Onone";
				TARGETED_DEVICE_FAMILY = "1,2";
			};
			name = Debug;
		};
		B0824D961AE6DD620035A8EB /* Release */ = {
			isa = XCBuildConfiguration;
			buildSettings = {
				ASSETCATALOG_COMPILER_APPICON_NAME = AppIcon;
				CLANG_ENABLE_MODULES = YES;
				DEVELOPMENT_TEAM = 59AU9LDZKY;
				FRAMEWORK_SEARCH_PATHS = "$(PROJECT_DIR)/MapIQ";
				INFOPLIST_FILE = MapIQ/Info.plist;
				INFOPLIST_KEY_CFBundleDisplayName = "Map IQ";
				IPHONEOS_DEPLOYMENT_TARGET = 13.0;
				LD_RUNPATH_SEARCH_PATHS = (
					"$(inherited)",
					"@executable_path/Frameworks",
				);
				OTHER_LDFLAGS = "";
				PRODUCT_BUNDLE_IDENTIFIER = com.giovannibf.mapquiz;
				PRODUCT_NAME = "$(TARGET_NAME)";
				SWIFT_OBJC_BRIDGING_HEADER = "MapIQ/Bridging-Header.h";
				TARGETED_DEVICE_FAMILY = "1,2";
			};
			name = Release;
		};
		B0824D981AE6DD620035A8EB /* Debug */ = {
			isa = XCBuildConfiguration;
			buildSettings = {
				BUNDLE_LOADER = "$(TEST_HOST)";
				FRAMEWORK_SEARCH_PATHS = (
					"$(SDKROOT)/Developer/Library/Frameworks",
					"$(inherited)",
				);
				GCC_PREPROCESSOR_DEFINITIONS = (
					"DEBUG=1",
					"$(inherited)",
				);
				INFOPLIST_FILE = MapIQTests/Info.plist;
				LD_RUNPATH_SEARCH_PATHS = (
					"$(inherited)",
					"@executable_path/Frameworks",
					"@loader_path/Frameworks",
				);
				PRODUCT_BUNDLE_IDENTIFIER = "com.giovannibf.$(PRODUCT_NAME:rfc1034identifier)";
				PRODUCT_NAME = "$(TARGET_NAME)";
				TEST_HOST = "$(BUILT_PRODUCTS_DIR)/MapIQ.app/MapIQ";
			};
			name = Debug;
		};
		B0824D991AE6DD620035A8EB /* Release */ = {
			isa = XCBuildConfiguration;
			buildSettings = {
				BUNDLE_LOADER = "$(TEST_HOST)";
				FRAMEWORK_SEARCH_PATHS = (
					"$(SDKROOT)/Developer/Library/Frameworks",
					"$(inherited)",
				);
				INFOPLIST_FILE = MapIQTests/Info.plist;
				LD_RUNPATH_SEARCH_PATHS = (
					"$(inherited)",
					"@executable_path/Frameworks",
					"@loader_path/Frameworks",
				);
				PRODUCT_BUNDLE_IDENTIFIER = "com.giovannibf.$(PRODUCT_NAME:rfc1034identifier)";
				PRODUCT_NAME = "$(TARGET_NAME)";
				TEST_HOST = "$(BUILT_PRODUCTS_DIR)/MapIQ.app/MapIQ";
			};
			name = Release;
		};
/* End XCBuildConfiguration section */

/* Begin XCConfigurationList section */
		B0824D701AE6DD610035A8EB /* Build configuration list for PBXProject "MapIQ" */ = {
			isa = XCConfigurationList;
			buildConfigurations = (
				B0824D921AE6DD620035A8EB /* Debug */,
				B0824D931AE6DD620035A8EB /* Release */,
			);
			defaultConfigurationIsVisible = 0;
			defaultConfigurationName = Release;
		};
		B0824D941AE6DD620035A8EB /* Build configuration list for PBXNativeTarget "MapIQ" */ = {
			isa = XCConfigurationList;
			buildConfigurations = (
				B0824D951AE6DD620035A8EB /* Debug */,
				B0824D961AE6DD620035A8EB /* Release */,
			);
			defaultConfigurationIsVisible = 0;
			defaultConfigurationName = Release;
		};
		B0824D971AE6DD620035A8EB /* Build configuration list for PBXNativeTarget "MapIQTests" */ = {
			isa = XCConfigurationList;
			buildConfigurations = (
				B0824D981AE6DD620035A8EB /* Debug */,
				B0824D991AE6DD620035A8EB /* Release */,
			);
			defaultConfigurationIsVisible = 0;
			defaultConfigurationName = Release;
		};
/* End XCConfigurationList section */
	};
	rootObject = B0824D6D1AE6DD610035A8EB /* Project object */;
}
